{
  "requires": true,
  "lockfileVersion": 1,
  "dependencies": {
    "clipboard-polyfill": {
      "version": "2.8.6",
      "resolved": "https://registry.npmjs.org/clipboard-polyfill/-/clipboard-polyfill-2.8.6.tgz",
      "integrity": "sha512-kz/1ov+PXsBpGnW9XJH3dLWdYj12FpXqO89Dngm/GRPoI36E/tnYs6N0YPTEhxM9WHAlFiN5eoyIVuv5nzKXvg=="
    }
  }
}
