{
  "originHash" : "b049c442df9c494a54b8d15966aca886d31128fedaf997aa199d592b34d103ec",
  "pins" : [
    {
      "identity" : "capacitor-swift-pm",
      "kind" : "remoteSourceControl",
      "location" : "https://github.com/ionic-team/capacitor-swift-pm.git",
      "state" : {
        "revision" : "319dd95fba0b01f053028cee80d0491def83db1d",
        "version" : "6.2.0"
      }
    }
  ],
  "version" : 3
}
